# THIS IS AN AUTOGENERATED FILE. DO NOT EDIT THIS FILE DIRECTLY.
assets/algolia_autocomplete.js.liquid:
  development: 2017-11-30T21:41:08-05:00   c884797cae62a96be38cf8dd97e6ec90
assets/algolia_config.js.liquid:
  development: 2017-11-30T21:53:07-05:00   f3e6c275ae60d52053a61e5c149ab069
assets/algolia_facets.js.liquid:
  development: 2017-11-30T21:41:08-05:00   80e7226c414532c7d6c981a7759dec87
assets/algolia_helpers.js.liquid:
  development: 2017-11-30T21:41:07-05:00   a7150e554c3ac7b9f62a78078485e792
assets/algolia_init.js.liquid:
  development: 2017-11-30T21:41:08-05:00   5c4080bf6b5bdf02bf753d653339d3bf
assets/algolia_instant_search.js.liquid:
  development: 2017-11-30T21:41:08-05:00   2218b2631bae0f6a6edc26d07b09629e
assets/algolia_sort_orders.js.liquid:
  development: 2017-11-30T21:41:08-05:00   7f10cb81bdb2e0375c9ab423f358d2a9
assets/bold-options.css:
  development: 2017-12-03T21:40:30-05:00   6d743b14b87c04bc9bfd8f8571080892
assets/custom-css-shopify.css:
  development: 2017-12-13T15:59:34-05:00   a012477c1e9486b9f38f520bc59d96ac
assets/empire.js:
  development: 2017-12-05T11:00:44-05:00   6bed9340a53e0cd4431d7e21beb47b52
assets/empire.js.map:
  development: 2017-11-29T18:27:25-05:00   f67b12203c92ae52280d4f368f000b58
assets/jquery.cart.js:
  development: 2017-11-29T18:27:25-05:00   d561b356ead76b3d4a147f96eb34be98
assets/jquery.currencies.min.js:
  development: 2017-11-29T18:27:25-05:00   dff1b31c0b100f3890bc771b816b36ac
assets/leaguespartan-bold.eot:
  development: 2017-11-29T18:27:25-05:00   5d202a7f44e80632637a8f06f374147e
assets/leaguespartan-bold.svg:
  development: 2017-11-29T18:27:26-05:00   3c33ca150ccb893b3f89fabce784e09a
assets/leaguespartan-bold.ttf:
  development: 2017-11-29T18:27:26-05:00   7cc8cbbd7a330c0d1e7c08c6d62711e4
assets/leaguespartan-bold.woff:
  development: 2017-11-29T18:27:26-05:00   de124ab4fe636436b7f9d3b1f5ac3eed
assets/leaguespartan-bold.woff2:
  development: 2017-11-29T18:27:26-05:00   3812d86fa4f162846016e03340c94427
assets/theme.scss.liquid:
  development: 2017-11-29T18:27:26-05:00   05fe5c09db335f05778124393eefd69f
config/settings_data.json:
  development: 2017-12-07T08:51:46-05:00   c5e64beb98a346fe3cdbb40906022a59
config/settings_schema.json:
  development: 2017-11-29T18:27:30-05:00   ed7a9142eda78e2a21292fa965543e8e
layout/SWYM_BACKUP_theme.liquid:
  development: 2017-12-01T11:02:07-05:00   2b9e6092a7af0302860cffaafa06a935
layout/giftcard.liquid:
  development: 2017-11-30T21:41:06-05:00   63e79761bad3cb2c5ebf157b81e4770c
layout/none.liquid:
  development: 2017-11-30T21:41:06-05:00   ea8fa6afd15752668617befade275fab
layout/theme.liquid:
  development: 2017-12-13T15:22:30-05:00   235c43e171a19d64ae7af636ab85c812
locales/en.default.json:
  development: 2017-11-29T18:27:26-05:00   4c241d631145354ac8957d031a6b30e3
sections/dynamic-blog-posts.liquid:
  development: 2017-11-29T18:27:23-05:00   46f45778ec896f8f10ec5e0bb4a2de61
sections/dynamic-collection-list.liquid:
  development: 2017-11-29T18:27:23-05:00   60778f1f8b32d501d578af29e500d2b8
sections/dynamic-featured-collection.liquid:
  development: 2017-12-05T10:39:58-05:00   cfe80529e7173c2210616b17db57fe06
sections/dynamic-instagram-feed.liquid:
  development: 2017-11-29T18:27:24-05:00   b2ba255108b6b5b92499d715e9c3651a
sections/dynamic-logo-list.liquid:
  development: 2017-11-29T18:27:24-05:00   c8e8b5b99848092e59cda5819653d59b
sections/dynamic-menu-list.liquid:
  development: 2017-11-29T18:27:24-05:00   343b489a87bb9d2c14ec6ffeab2e7b4d
sections/dynamic-promo-grid.liquid:
  development: 2017-11-29T18:27:24-05:00   ae3562587a51504d7fd655f5512efd69
sections/dynamic-promo-mosaic.liquid:
  development: 2017-11-29T18:27:24-05:00   beffadb92fe1532a3ffa79f9b835860a
sections/dynamic-twitter-feed.liquid:
  development: 2017-11-29T18:27:24-05:00   cd6b057d2e450b9fc185db62f8d529bb
sections/static-article.liquid:
  development: 2017-11-29T18:27:24-05:00   b8668718f94d080774d9d3d0815d2a23
sections/static-blog.liquid:
  development: 2017-11-29T18:27:24-05:00   c106f03e4086b0609fd9460de448737d
sections/static-cart.liquid:
  development: 2017-12-05T10:41:28-05:00   c9a616a70db5acaf8be3c435f968c6ab
sections/static-collection.liquid:
  development: 2017-12-05T10:39:58-05:00   32ee2b042faf858563be6eb117dd2dcd
sections/static-footer.liquid:
  development: 2017-11-29T18:27:24-05:00   97c96bff3111d2f99ba273c50e2d121c
sections/static-giftcard.liquid:
  development: 2017-11-29T18:27:24-05:00   aad0f8572fdd83684bbcc67ecdaadbb3
sections/static-header.liquid:
  development: 2017-11-29T18:27:24-05:00   31032030f6688f2e1dc8ad2fa288a521
sections/static-list-collections.liquid:
  development: 2017-11-29T18:27:24-05:00   fc160bffe23f5154533ca3586c36ee3a
sections/static-password.liquid:
  development: 2017-11-29T18:27:24-05:00   55f0457167b803eafee81160626357c4
sections/static-product.liquid:
  development: 2017-12-05T10:39:57-05:00   73f2084b93f2a33eb8c4bab5741e092a
sections/static-search.liquid:
  development: 2017-12-05T10:39:59-05:00   d6500c7c144e3cc2b48eb2d83ecc4964
snippets/account-address-form.liquid:
  development: 2017-11-29T18:27:26-05:00   f85f88fb40cdace6cf9a345adc551e6d
snippets/account-address-list.liquid:
  development: 2017-11-29T18:27:26-05:00   a9236003202a3741c4651bf45d29165e
snippets/advanced-tag-loop.liquid:
  development: 2017-12-05T10:39:59-05:00   a3a2103b58654cbe45d398970109e46d
snippets/algolia_autocomplete.css.hogan.liquid:
  development: 2017-11-30T21:41:06-05:00   8b5dddd804bae286519d4a1f0c4e9cf5
snippets/algolia_autocomplete.hogan.liquid:
  development: 2017-11-30T21:41:06-05:00   a227c334c12ad6254a1d762bcdecb7fc
snippets/algolia_autocomplete_article.hogan.liquid:
  development: 2017-11-30T21:41:07-05:00   49baf879b5cd6b1ce84228e4668c0ea1
snippets/algolia_autocomplete_articles_empty.hogan.liquid:
  development: 2017-11-30T21:41:07-05:00   1ed822c5f42ee90f02f738d51fa76604
snippets/algolia_autocomplete_collection.hogan.liquid:
  development: 2017-11-30T21:41:06-05:00   3ccd67707eef461643ba52c74fcf0046
snippets/algolia_autocomplete_collections_empty.hogan.liquid:
  development: 2017-11-30T21:41:06-05:00   5d21fa0b00800aea25716fe1def89506
snippets/algolia_autocomplete_footer.hogan.liquid:
  development: 2017-11-30T21:41:07-05:00   24d6903728cf1b0f1286c433b5d9522e
snippets/algolia_autocomplete_product.hogan.liquid:
  development: 2017-11-30T21:41:07-05:00   997f21ce8bdbaa6e38172856442a8235
snippets/algolia_autocomplete_products_empty.hogan.liquid:
  development: 2017-11-30T21:41:07-05:00   885a002ad6907c39396e698a2cbccf27
snippets/algolia_instant_search.css.hogan.liquid:
  development: 2017-11-30T21:41:07-05:00   61ae9080e52a03d96baf9f9025052974
snippets/algolia_instant_search.hogan.liquid:
  development: 2017-11-30T21:41:07-05:00   f0eda61097cbfa2c68e27e625289d966
snippets/algolia_instant_search_current_refined_values_item.hogan.liquid:
  development: 2017-11-30T21:41:07-05:00   aa1ab2b7b8c61e41a621ab2193c4dceb
snippets/algolia_instant_search_facet_item.hogan.liquid:
  development: 2017-11-30T21:41:07-05:00   9174d618a7bb0ed34cf9f2cffee361da
snippets/algolia_instant_search_no_result.hogan.liquid:
  development: 2017-11-30T21:41:07-05:00   fd773ff54a3ed7ca914f379081ed595e
snippets/algolia_instant_search_product.hogan.liquid:
  development: 2017-11-30T21:41:07-05:00   28a6213888f0aad8f2253a661025a700
snippets/algolia_instant_search_stats.hogan.liquid:
  development: 2017-11-30T21:41:07-05:00   03ad57d64373b2fd29468b25a1be7dc0
snippets/algolia_money_format.liquid:
  development: 2017-11-30T21:41:06-05:00   18244bd847b5895ab5b88050b21b65c0
snippets/article-comment-item.liquid:
  development: 2017-11-29T18:27:26-05:00   1f3b2eb404103171e7891dfdb708ff3a
snippets/article-comments.liquid:
  development: 2017-11-29T18:27:26-05:00   e2acfce7bd7ef31d442340d5dfd80298
snippets/article-excerpt-featured.liquid:
  development: 2017-11-29T18:27:26-05:00   a81d4eff105b2d1da4ae276093764c2c
snippets/article-excerpt.liquid:
  development: 2017-11-29T18:27:26-05:00   f278bb9dd83135cd8059ae5b7f027822
snippets/atc-banner.liquid:
  development: 2017-11-29T18:27:26-05:00   36a604d13dff1a33212aff0bf354effb
snippets/bk-tracking.liquid:
  development: 2017-12-01T08:33:35-05:00   e2951963031d7c3c15f720b276afa21c
snippets/bold-common.liquid:
  development: 2017-12-05T11:00:06-05:00   110f78f7cdd7188ad4d02c48bb782f78
snippets/bold-product.liquid:
  development: 2017-12-05T10:39:59-05:00   3989c41f82d7a9a92fef1d8f2a367122
snippets/bold-variant.liquid:
  development: 2017-12-05T10:40:00-05:00   cc5775289782460abf0deff824ebd76a
snippets/breadcrumbs.liquid:
  development: 2017-11-29T18:27:26-05:00   330c2ce727d464cb5fb213c5bde8e950
snippets/cart-item.liquid:
  development: 2017-12-05T10:39:15-05:00   f9d4d5d18ded4bfc11a7138805a9f4c8
snippets/cart-shipping.liquid:
  development: 2017-11-29T18:27:26-05:00   9f070ac155240fd2d76a4c6638cb7ab1
snippets/collection-list-item.liquid:
  development: 2017-11-29T18:27:26-05:00   a57af29f53f7e78a95b57f647d5087fc
snippets/consistent-savings.liquid:
  development: 2017-11-29T18:27:26-05:00   062348bf8636cfb65992209dc469c8ef
snippets/favicon.liquid:
  development: 2017-11-29T18:27:27-05:00   17dac714316cd7dd3dcdb410d3180482
snippets/fonts.liquid:
  development: 2017-11-29T18:27:27-05:00   859f0a40762898a24b098cbeea449fcc
snippets/footer-block.liquid:
  development: 2017-11-29T18:27:27-05:00   5cf1674ee67750e7bca9be90675a22ac
snippets/header-search-form.liquid:
  development: 2017-11-29T18:27:27-05:00   44cd365d5f606c195e59f6211546199c
snippets/icon-cart.liquid:
  development: 2017-11-29T18:27:27-05:00   10e3ba40c4ac001cfb315cfa4019a421
snippets/icon-checkbox.liquid:
  development: 2017-11-29T18:27:27-05:00   ec91804696102b341faf503807c00f10
snippets/icon-checkmark.liquid:
  development: 2017-11-29T18:27:27-05:00   3d55d2131d64821a15df9a06a272ad95
snippets/icon-chevron-down-small.liquid:
  development: 2017-11-29T18:27:27-05:00   2b10da2ba8e81937fb7a1266c440bacd
snippets/icon-chevron-down-thin.liquid:
  development: 2017-11-29T18:27:27-05:00   847fc18d4ddf1bc2955478da730feb47
snippets/icon-chevron-down.liquid:
  development: 2017-11-29T18:27:27-05:00   18cf858f6eddc33354ca0f3ded263ecd
snippets/icon-filters.liquid:
  development: 2017-11-29T18:27:27-05:00   e75dc1cd06aed5f3003efc264ad13f8c
snippets/icon-lock.liquid:
  development: 2017-11-29T18:27:27-05:00   195ed69385a69ad86109d4486bf1d6ab
snippets/icon-menu-close.liquid:
  development: 2017-11-29T18:27:27-05:00   0598b38bae2abbd119e0d17842bfb20b
snippets/icon-payment-icons.liquid:
  development: 2017-11-29T18:27:27-05:00   449a16f5522fe8acebb08a1882b2f3ee
snippets/icon-remove.liquid:
  development: 2017-11-29T18:27:27-05:00   e6c3217e16245dac99cde7c72b051e8e
snippets/icon-rss.liquid:
  development: 2017-11-29T18:27:27-05:00   3d2dde5682350e6c19be327a84ff7418
snippets/icon-search.liquid:
  development: 2017-11-29T18:27:27-05:00   9d7814400c64d8b92f4a2c98c1525759
snippets/icon-spinner.liquid:
  development: 2017-11-29T18:27:27-05:00   52313ef50bcafdae0b5c11d9edd8ade0
snippets/meganav-navmenu.liquid:
  development: 2017-11-29T18:27:27-05:00   a06eae0185f0d0f6ff00a894f35e28a4
snippets/message-banner.liquid:
  development: 2017-11-29T18:27:27-05:00   a9f100127c83a8006c57c083dae90d0f
snippets/modal.liquid:
  development: 2017-11-29T18:27:27-05:00   79c13f2bab627da915cd3fc6a7cbda49
snippets/navmenu.liquid:
  development: 2017-11-29T18:27:27-05:00   08911e05e7d1397d61ddbe744d7debc9
snippets/newsletter.liquid:
  development: 2017-11-29T18:27:27-05:00   9e7e3056b763c04728ab0f030515c455
snippets/page-search-form.liquid:
  development: 2017-11-29T18:27:27-05:00   f644edbbd885c6005bf143bcd5fa27fc
snippets/pagination.liquid:
  development: 2017-11-29T18:27:27-05:00   179aca2514e2f579a589643af98b6af0
snippets/placeholder_svg_uri.liquid:
  development: 2017-11-29T18:27:27-05:00   f6872e1f19ecee8ed0fffa3a46e0f2b6
snippets/product-badge.liquid:
  development: 2017-11-29T18:27:27-05:00   34674bddeefb6f695be091825f0f149a
snippets/product-form.liquid:
  development: 2017-12-06T14:28:33-05:00   fc64a7e62699911fc56ab0b2c8165240
snippets/product-gallery.liquid:
  development: 2017-11-29T18:27:27-05:00   bc096be74feb9462aba027f413df3077
snippets/product-grid-item.liquid:
  development: 2017-11-29T18:27:28-05:00   b8eeea723cfa7f9109773b38104a0b09
snippets/product-grid-showby.liquid:
  development: 2017-11-29T18:27:28-05:00   c5ace747bdefaf1a4f8ee5c2ee33bd0f
snippets/product-grid-sidebar-filters.liquid:
  development: 2017-11-29T18:27:28-05:00   d69fcfaa0e0be98cbfd675f202f92818
snippets/product-grid-sidebar.liquid:
  development: 2017-11-29T18:27:28-05:00   5ed6ee8a10657d3433565299837421b7
snippets/product-grid-sortby.liquid:
  development: 2017-11-29T18:27:28-05:00   a10ceb3f5b973e60087868042a635c12
snippets/product-grid-tag-groups.liquid:
  development: 2017-11-29T18:27:28-05:00   8847c4f4bd32a99efb79172e9d1757e7
snippets/product-grid-tags-active.liquid:
  development: 2017-11-29T18:27:28-05:00   9a9f657e5f527ce5bf0fafe4179be1af
snippets/product-grid-tags.liquid:
  development: 2017-11-29T18:27:28-05:00   67a5be88b301d75528537b2fd87a2d6b
snippets/product-options.liquid:
  development: 2017-11-29T18:27:28-05:00   b4aeb6bff95e5564ea864577bcec0b2f
snippets/product-price.liquid:
  development: 2017-11-29T18:27:28-05:00   13c4cc168e86b1dc98813d771b61ae02
snippets/product.liquid:
  development: 2017-12-12T12:00:42-05:00   f7e447f75c36697ef5f1f612314a7139
snippets/promo-block-background.liquid:
  development: 2017-11-29T18:27:28-05:00   3741b753b504788b4ac3b0b91bc4f762
snippets/promo-block.liquid:
  development: 2017-12-18T15:10:25-05:00   b3ee89852e6d13e8b0e2638e5a60c1d7
snippets/promo-mosaic-1.liquid:
  development: 2017-11-29T18:27:28-05:00   4edc61410b346c0de9fe398905e336a7
snippets/promo-mosaic-2.liquid:
  development: 2017-11-29T18:27:28-05:00   7dd28c9e8cc19d0b75ef656a56ff1225
snippets/promo-mosaic-3.liquid:
  development: 2017-11-29T18:27:28-05:00   af41d20944abc8cd5ead3db00d61385e
snippets/promo-mosaic-4.liquid:
  development: 2017-11-29T18:27:28-05:00   aa5752f42d41a778354197504dccb510
snippets/promo-mosaic-5.liquid:
  development: 2017-11-29T18:27:28-05:00   8b484fc6996cebd463b5da53332b82ba
snippets/related-products.liquid:
  development: 2017-12-05T10:39:58-05:00   27b6beff6fed2f11b53be55a83d619e8
snippets/results-search-content.liquid:
  development: 2017-11-29T18:27:28-05:00   df166c591aadb13da96b93f0a4f13db8
snippets/search-sanitizer.liquid:
  development: 2017-11-29T18:27:28-05:00   3585d867cf7f14124609fafdd122945c
snippets/shappify-options.liquid:
  development: 2017-12-03T21:39:39-05:00   b33ff8dc5813eb97b943075620ef700d
snippets/share-buttons.liquid:
  development: 2017-11-29T18:27:28-05:00   486ef77ff76f7ec2d7a9d3fca3f32461
snippets/site-header-actions.liquid:
  development: 2017-11-29T18:27:28-05:00   b72529a955ecbe294e9a64801538b466
snippets/site-mobile-nav.liquid:
  development: 2017-11-29T18:27:28-05:00   119a386b4b201613f01f66cb94422c6f
snippets/social-icon.liquid:
  development: 2017-11-29T18:27:28-05:00   7dd87fa697b96f4bd88f981edcb77c71
snippets/social-link.liquid:
  development: 2017-11-29T18:27:28-05:00   1d164b3844890dcd5db69dce2ae97415
snippets/social-list.liquid:
  development: 2017-11-29T18:27:28-05:00   ab7a3b180447dfce2221a8b13b4776be
snippets/social-meta-tags.liquid:
  development: 2017-11-29T18:27:29-05:00   cd0dd28ca3535fbd7b5fa7e67b674d90
snippets/structured-data.liquid:
  development: 2017-11-29T18:27:29-05:00   78ec5d4b8469ba13a0649a6d9784d79a
snippets/svg-sprite.liquid:
  development: 2017-11-29T18:27:29-05:00   89196daa4fcb4edc9ba0fd471bae1159
snippets/swym-product-view.liquid:
  development: 2017-12-01T08:17:17-05:00   c0fee688cac6db9406b65f2f0ac9df7b
snippets/swymSnippet.liquid:
  development: 2017-12-01T08:17:17-05:00   a0aba034a4fde9f8599e956241488f1a
snippets/tweet.liquid:
  development: 2017-11-29T18:27:29-05:00   410f2ebcd880b49a7d8028bec32fa758
templates/404.liquid:
  development: 2017-11-29T18:27:29-05:00   4def51683da390e8f5c3b92b09574ede
templates/article.liquid:
  development: 2017-11-29T18:27:29-05:00   31bc5f40cf0036e97bc228f5241248cd
templates/blog.liquid:
  development: 2017-11-29T18:27:29-05:00   3fcf2d7eec2a07fc51cc23e5f1ff98fd
templates/cart.liquid:
  development: 2017-11-29T18:27:29-05:00   c9ceb6b1d5ade1426dc567e6105a907a
templates/collection.liquid:
  development: 2017-11-29T18:27:29-05:00   e89913278de4e3b744db23e5ea010fc7
templates/collection.view-24.liquid:
  development: 2017-11-29T18:27:29-05:00   e89913278de4e3b744db23e5ea010fc7
templates/collection.view-36.liquid:
  development: 2017-11-29T18:27:29-05:00   e89913278de4e3b744db23e5ea010fc7
templates/collection.view-48.liquid:
  development: 2017-11-29T18:27:29-05:00   e89913278de4e3b744db23e5ea010fc7
templates/customers/account.liquid:
  development: 2017-11-29T18:27:29-05:00   bb0b638563a16526b43326f482ee8448
templates/customers/activate_account.liquid:
  development: 2017-11-29T18:27:29-05:00   5af8cc6f9694d276bba7a573e928f02e
templates/customers/addresses.liquid:
  development: 2017-11-29T18:27:29-05:00   aa753cfb99e070891cdb6beb10498fc9
templates/customers/login.liquid:
  development: 2017-11-29T18:27:29-05:00   3b2de6d0e7ba40b2a7f659a94c6d631f
templates/customers/order.liquid:
  development: 2017-11-29T18:27:29-05:00   4757830c98f1de0c1d41302301ef09db
templates/customers/register.liquid:
  development: 2017-11-29T18:27:29-05:00   a3d092e5123ff134605008133c6c808e
templates/customers/reset_password.liquid:
  development: 2017-11-29T18:27:29-05:00   fa88721b56943746953fe5bfaad11a11
templates/gift_card.liquid:
  development: 2017-11-29T18:27:29-05:00   f1784a653fed4b8cde64d98daf3f1e23
templates/index.liquid:
  development: 2017-11-29T18:27:29-05:00   034564da719f1f503f71c6638210c15a
templates/list-collections.liquid:
  development: 2017-11-29T18:27:29-05:00   160754bddd636282dc329181ebd8bb0e
templates/page.contact.liquid:
  development: 2017-11-29T18:27:29-05:00   ac5d3c0e1778a385e6c66c8044e561f2
templates/page.liquid:
  development: 2017-11-29T18:27:29-05:00   9e442c571c6eb6ea9b0b06598a29321b
templates/password.liquid:
  development: 2017-11-29T18:27:29-05:00   2fdfbecb3470b2a25e6559a816577052
templates/product.liquid:
  development: 2017-12-05T10:39:57-05:00   b4711ffe0151bd1d913d0cecd63ead1a
templates/search.header.liquid:
  development: 2017-11-29T18:27:30-05:00   137d03a8305024b0e13ccfe1782cb49e
templates/search.liquid:
  development: 2017-11-29T18:27:30-05:00   34e7a538259af245f4deed26e21288a9
